
Microsoft Visual Studio Solution File, Format Version 12.00
# Visual Studio 15
VisualStudioVersion = 15.0.28010.2016
MinimumVisualStudioVersion = 10.0.40219.1
Project("{888888A0-9F3D-457C-B088-3A5042F75D52}") = "SIFT_feature_detection_openCV", "SIFT_feature_detection_openCV.pyproj", "{779B089E-0112-45D9-959A-3587A9CF64AE}"
EndProject
Global
	GlobalSection(SolutionConfigurationPlatforms) = preSolution
		Debug|Any CPU = Debug|Any CPU
		Release|Any CPU = Release|Any CPU
	EndGlobalSection
	GlobalSection(ProjectConfigurationPlatforms) = postSolution
		{779B089E-0112-45D9-959A-3587A9CF64AE}.Debug|Any CPU.ActiveCfg = Debug|Any CPU
		{779B089E-0112-45D9-959A-3587A9CF64AE}.Release|Any CPU.ActiveCfg = Release|Any CPU
	EndGlobalSection
	GlobalSection(SolutionProperties) = preSolution
		HideSolutionNode = FALSE
	EndGlobalSection
	GlobalSection(ExtensibilityGlobals) = postSolution
		SolutionGuid = {F6A5E6FB-2AEA-4C66-A741-568953DC9219}
	EndGlobalSection
EndGlobal
